
Microsoft Visual Studio Solution File, Format Version 12.00
# Visual Studio Version 16
VisualStudioVersion = 16.0.30804.86
MinimumVisualStudioVersion = 10.0.40219.1
Project("{FAE04EC0-301F-11D3-BF4B-00C04F79EFBC}") = "LINQ_runner_scores", "LINQ_runner_scores\LINQ_runner_scores.csproj", "{56466F50-F6A1-4A24-9CDF-DAA189655812}"
EndProject
Global
	GlobalSection(SolutionConfigurationPlatforms) = preSolution
		Debug|Any CPU = Debug|Any CPU
		Release|Any CPU = Release|Any CPU
	EndGlobalSection
	GlobalSection(ProjectConfigurationPlatforms) = postSolution
		{56466F50-F6A1-4A24-9CDF-DAA189655812}.Debug|Any CPU.ActiveCfg = Debug|Any CPU
		{56466F50-F6A1-4A24-9CDF-DAA189655812}.Debug|Any CPU.Build.0 = Debug|Any CPU
		{56466F50-F6A1-4A24-9CDF-DAA189655812}.Release|Any CPU.ActiveCfg = Release|Any CPU
		{56466F50-F6A1-4A24-9CDF-DAA189655812}.Release|Any CPU.Build.0 = Release|Any CPU
	EndGlobalSection
	GlobalSection(SolutionProperties) = preSolution
		HideSolutionNode = FALSE
	EndGlobalSection
	GlobalSection(ExtensibilityGlobals) = postSolution
		SolutionGuid = {D97D93F0-6A19-4881-BE69-77AE36EE2A7B}
	EndGlobalSection
EndGlobal
